
Microsoft Visual Studio Solution File, Format Version 12.00
# Visual Studio 15
VisualStudioVersion = 15.0.25920.0
MinimumVisualStudioVersion = 10.0.40219.1
Project("{FAE04EC0-301F-11D3-BF4B-00C04F79EFBC}") = "corefx-test", "corefx-test\corefx-test.csproj", "{0A503C66-F624-4115-B27B-4CFDF8932215}"
EndProject
Project("{FAE04EC0-301F-11D3-BF4B-00C04F79EFBC}") = "netfx-test-x86", "netfx-test-x86\netfx-test-x86.csproj", "{8AFC1848-A96C-4CE3-9A69-7F9E670DE9A1}"
EndProject
Project("{FAE04EC0-301F-11D3-BF4B-00C04F79EFBC}") = "netfx-test-x64", "netfx-test-x64\netfx-test-x64.csproj", "{2CD224DC-86B6-4F76-9971-26263F5813B7}"
EndProject
Global
	GlobalSection(SolutionConfigurationPlatforms) = preSolution
		Debug|Any CPU = Debug|Any CPU
		Release|Any CPU = Release|Any CPU
	EndGlobalSection
	GlobalSection(ProjectConfigurationPlatforms) = postSolution
		{0A503C66-F624-4115-B27B-4CFDF8932215}.Debug|Any CPU.ActiveCfg = Debug|Any CPU
		{0A503C66-F624-4115-B27B-4CFDF8932215}.Debug|Any CPU.Build.0 = Debug|Any CPU
		{0A503C66-F624-4115-B27B-4CFDF8932215}.Release|Any CPU.ActiveCfg = Release|Any CPU
		{0A503C66-F624-4115-B27B-4CFDF8932215}.Release|Any CPU.Build.0 = Release|Any CPU
		{8AFC1848-A96C-4CE3-9A69-7F9E670DE9A1}.Debug|Any CPU.ActiveCfg = Debug|Any CPU
		{8AFC1848-A96C-4CE3-9A69-7F9E670DE9A1}.Debug|Any CPU.Build.0 = Debug|Any CPU
		{8AFC1848-A96C-4CE3-9A69-7F9E670DE9A1}.Release|Any CPU.ActiveCfg = Release|Any CPU
		{8AFC1848-A96C-4CE3-9A69-7F9E670DE9A1}.Release|Any CPU.Build.0 = Release|Any CPU
		{2CD224DC-86B6-4F76-9971-26263F5813B7}.Debug|Any CPU.ActiveCfg = Debug|Any CPU
		{2CD224DC-86B6-4F76-9971-26263F5813B7}.Debug|Any CPU.Build.0 = Debug|Any CPU
		{2CD224DC-86B6-4F76-9971-26263F5813B7}.Release|Any CPU.ActiveCfg = Release|Any CPU
		{2CD224DC-86B6-4F76-9971-26263F5813B7}.Release|Any CPU.Build.0 = Release|Any CPU
	EndGlobalSection
	GlobalSection(SolutionProperties) = preSolution
		HideSolutionNode = FALSE
	EndGlobalSection
EndGlobal
